
Microsoft Visual Studio Solution File, Format Version 12.00
# Visual Studio 15
VisualStudioVersion = 15.0.28307.1022
MinimumVisualStudioVersion = 10.0.40219.1
Project("{FAE04EC0-301F-11D3-BF4B-00C04F79EFBC}") = "GraduationApi v1.0", "GraduationApi v1.0\GraduationApi v1.0.csproj", "{9DD1AED6-DC2D-465A-848F-5B70F07A6068}"
EndProject
Global
	GlobalSection(SolutionConfigurationPlatforms) = preSolution
		Debug|Any CPU = Debug|Any CPU
		Release|Any CPU = Release|Any CPU
	EndGlobalSection
	GlobalSection(ProjectConfigurationPlatforms) = postSolution
		{9DD1AED6-DC2D-465A-848F-5B70F07A6068}.Debug|Any CPU.ActiveCfg = Debug|Any CPU
		{9DD1AED6-DC2D-465A-848F-5B70F07A6068}.Debug|Any CPU.Build.0 = Debug|Any CPU
		{9DD1AED6-DC2D-465A-848F-5B70F07A6068}.Release|Any CPU.ActiveCfg = Release|Any CPU
		{9DD1AED6-DC2D-465A-848F-5B70F07A6068}.Release|Any CPU.Build.0 = Release|Any CPU
	EndGlobalSection
	GlobalSection(SolutionProperties) = preSolution
		HideSolutionNode = FALSE
	EndGlobalSection
	GlobalSection(ExtensibilityGlobals) = postSolution
		SolutionGuid = {B078A124-BA40-43BE-A412-D885E06330B2}
	EndGlobalSection
EndGlobal
